// !$*UTF8*$!
{
	archiveVersion = 1;
	classes = {
	};
	objectVersion = 50;
	objects = {

/* Begin PBXBuildFile section */
		45048C7B25909B7100B892FE /* CardDetailView.swift in Sources */ = {isa = PBXBuildFile; fileRef = 45048C7A25909B7100B892FE /* CardDetailView.swift */; };
		45221BCD2591EF3500148D92 /* CardsData.swift in Sources */ = {isa = PBXBuildFile; fileRef = 45221BCC2591EF3500148D92 /* CardsData.swift */; };
		45221BD02591F55F00148D92 /* NewCardView.swift in Sources */ = {isa = PBXBuildFile; fileRef = 45221BCF2591F55F00148D92 /* NewCardView.swift */; };
		45221BD3259202AA00148D92 /* EditableCardView.swift in Sources */ = {isa = PBXBuildFile; fileRef = 45221BD2259202AA00148D92 /* EditableCardView.swift */; };
		458F347025922BAD0071E7E6 /* ViewState.swift in Sources */ = {isa = PBXBuildFile; fileRef = 458F346F25922BAD0071E7E6 /* ViewState.swift */; };
		45CDC833258F3AE7008AC70A /* Cards_for_MacApp.swift in Sources */ = {isa = PBXBuildFile; fileRef = 45CDC832258F3AE7008AC70A /* Cards_for_MacApp.swift */; };
		45CDC835258F3AE7008AC70A /* SidebarView.swift in Sources */ = {isa = PBXBuildFile; fileRef = 45CDC834258F3AE7008AC70A /* SidebarView.swift */; };
		45CDC837258F3AE8008AC70A /* Assets.xcassets in Resources */ = {isa = PBXBuildFile; fileRef = 45CDC836258F3AE8008AC70A /* Assets.xcassets */; };
		45CDC83A258F3AE8008AC70A /* Preview Assets.xcassets in Resources */ = {isa = PBXBuildFile; fileRef = 45CDC839258F3AE8008AC70A /* Preview Assets.xcassets */; };
		45CDC845258F3D02008AC70A /* PlaceholderView.swift in Sources */ = {isa = PBXBuildFile; fileRef = 45CDC844258F3D02008AC70A /* PlaceholderView.swift */; };
		45CDC848258F423E008AC70A /* SidebarState.swift in Sources */ = {isa = PBXBuildFile; fileRef = 45CDC847258F423E008AC70A /* SidebarState.swift */; };
		45CDC84B258F467C008AC70A /* Card.swift in Sources */ = {isa = PBXBuildFile; fileRef = 45CDC84A258F467C008AC70A /* Card.swift */; };
		45CDC84E258F474B008AC70A /* CardsViewModel.swift in Sources */ = {isa = PBXBuildFile; fileRef = 45CDC84D258F474B008AC70A /* CardsViewModel.swift */; };
		45CDC851258F49B5008AC70A /* CardView.swift in Sources */ = {isa = PBXBuildFile; fileRef = 45CDC850258F49B5008AC70A /* CardView.swift */; };
		45CDC856258F503F008AC70A /* CardEditView.swift in Sources */ = {isa = PBXBuildFile; fileRef = 45CDC855258F503F008AC70A /* CardEditView.swift */; };
/* End PBXBuildFile section */

/* Begin PBXFileReference section */
		45048C7A25909B7100B892FE /* CardDetailView.swift */ = {isa = PBXFileReference; lastKnownFileType = sourcecode.swift; path = CardDetailView.swift; sourceTree = "<group>"; };
		45221BCC2591EF3500148D92 /* CardsData.swift */ = {isa = PBXFileReference; lastKnownFileType = sourcecode.swift; path = CardsData.swift; sourceTree = "<group>"; };
		45221BCF2591F55F00148D92 /* NewCardView.swift */ = {isa = PBXFileReference; lastKnownFileType = sourcecode.swift; path = NewCardView.swift; sourceTree = "<group>"; };
		45221BD2259202AA00148D92 /* EditableCardView.swift */ = {isa = PBXFileReference; lastKnownFileType = sourcecode.swift; path = EditableCardView.swift; sourceTree = "<group>"; };
		458F346F25922BAD0071E7E6 /* ViewState.swift */ = {isa = PBXFileReference; lastKnownFileType = sourcecode.swift; path = ViewState.swift; sourceTree = "<group>"; };
		45CDC82F258F3AE7008AC70A /* Cards for Mac.app */ = {isa = PBXFileReference; explicitFileType = wrapper.application; includeInIndex = 0; path = "Cards for Mac.app"; sourceTree = BUILT_PRODUCTS_DIR; };
		45CDC832258F3AE7008AC70A /* Cards_for_MacApp.swift */ = {isa = PBXFileReference; lastKnownFileType = sourcecode.swift; path = Cards_for_MacApp.swift; sourceTree = "<group>"; };
		45CDC834258F3AE7008AC70A /* SidebarView.swift */ = {isa = PBXFileReference; lastKnownFileType = sourcecode.swift; path = SidebarView.swift; sourceTree = "<group>"; };
		45CDC836258F3AE8008AC70A /* Assets.xcassets */ = {isa = PBXFileReference; lastKnownFileType = folder.assetcatalog; path = Assets.xcassets; sourceTree = "<group>"; };
		45CDC839258F3AE8008AC70A /* Preview Assets.xcassets */ = {isa = PBXFileReference; lastKnownFileType = folder.assetcatalog; path = "Preview Assets.xcassets"; sourceTree = "<group>"; };
		45CDC83B258F3AE8008AC70A /* Info.plist */ = {isa = PBXFileReference; lastKnownFileType = text.plist.xml; path = Info.plist; sourceTree = "<group>"; };
		45CDC83C258F3AE8008AC70A /* Cards_for_Mac.entitlements */ = {isa = PBXFileReference; lastKnownFileType = text.plist.entitlements; path = Cards_for_Mac.entitlements; sourceTree = "<group>"; };
		45CDC844258F3D02008AC70A /* PlaceholderView.swift */ = {isa = PBXFileReference; lastKnownFileType = sourcecode.swift; path = PlaceholderView.swift; sourceTree = "<group>"; };
		45CDC847258F423E008AC70A /* SidebarState.swift */ = {isa = PBXFileReference; lastKnownFileType = sourcecode.swift; path = SidebarState.swift; sourceTree = "<group>"; };
		45CDC84A258F467C008AC70A /* Card.swift */ = {isa = PBXFileReference; lastKnownFileType = sourcecode.swift; path = Card.swift; sourceTree = "<group>"; };
		45CDC84D258F474B008AC70A /* CardsViewModel.swift */ = {isa = PBXFileReference; lastKnownFileType = sourcecode.swift; path = CardsViewModel.swift; sourceTree = "<group>"; };
		45CDC850258F49B5008AC70A /* CardView.swift */ = {isa = PBXFileReference; lastKnownFileType = sourcecode.swift; path = CardView.swift; sourceTree = "<group>"; };
		45CDC855258F503F008AC70A /* CardEditView.swift */ = {isa = PBXFileReference; lastKnownFileType = sourcecode.swift; path = CardEditView.swift; sourceTree = "<group>"; };
/* End PBXFileReference section */

/* Begin PBXFrameworksBuildPhase section */
		45CDC82C258F3AE7008AC70A /* Frameworks */ = {
			isa = PBXFrameworksBuildPhase;
			buildActionMask = 2147483647;
			files = (
			);
			runOnlyForDeploymentPostprocessing = 0;
		};
/* End PBXFrameworksBuildPhase section */

/* Begin PBXGroup section */
		45048C782590957500B892FE /* Models */ = {
			isa = PBXGroup;
			children = (
				45CDC84A258F467C008AC70A /* Card.swift */,
				45CDC847258F423E008AC70A /* SidebarState.swift */,
				458F346F25922BAD0071E7E6 /* ViewState.swift */,
				45CDC84D258F474B008AC70A /* CardsViewModel.swift */,
				45221BCC2591EF3500148D92 /* CardsData.swift */,
			);
			path = Models;
			sourceTree = "<group>";
		};
		45CDC826258F3AE7008AC70A = {
			isa = PBXGroup;
			children = (
				45CDC831258F3AE7008AC70A /* Cards for Mac */,
				45CDC830258F3AE7008AC70A /* Products */,
			);
			sourceTree = "<group>";
		};
		45CDC830258F3AE7008AC70A /* Products */ = {
			isa = PBXGroup;
			children = (
				45CDC82F258F3AE7008AC70A /* Cards for Mac.app */,
			);
			name = Products;
			sourceTree = "<group>";
		};
		45CDC831258F3AE7008AC70A /* Cards for Mac */ = {
			isa = PBXGroup;
			children = (
				45CDC832258F3AE7008AC70A /* Cards_for_MacApp.swift */,
				45048C782590957500B892FE /* Models */,
				45CDC834258F3AE7008AC70A /* SidebarView.swift */,
				45CDC850258F49B5008AC70A /* CardView.swift */,
				45221BD2259202AA00148D92 /* EditableCardView.swift */,
				45CDC844258F3D02008AC70A /* PlaceholderView.swift */,
				45CDC855258F503F008AC70A /* CardEditView.swift */,
				45048C7A25909B7100B892FE /* CardDetailView.swift */,
				45221BCF2591F55F00148D92 /* NewCardView.swift */,
				45CDC836258F3AE8008AC70A /* Assets.xcassets */,
				45CDC83B258F3AE8008AC70A /* Info.plist */,
				45CDC83C258F3AE8008AC70A /* Cards_for_Mac.entitlements */,
				45CDC838258F3AE8008AC70A /* Preview Content */,
			);
			path = "Cards for Mac";
			sourceTree = "<group>";
		};
		45CDC838258F3AE8008AC70A /* Preview Content */ = {
			isa = PBXGroup;
			children = (
				45CDC839258F3AE8008AC70A /* Preview Assets.xcassets */,
			);
			path = "Preview Content";
			sourceTree = "<group>";
		};
/* End PBXGroup section */

/* Begin PBXNativeTarget section */
		45CDC82E258F3AE7008AC70A /* Cards for Mac */ = {
			isa = PBXNativeTarget;
			buildConfigurationList = 45CDC83F258F3AE8008AC70A /* Build configuration list for PBXNativeTarget "Cards for Mac" */;
			buildPhases = (
				45CDC82B258F3AE7008AC70A /* Sources */,
				45CDC82C258F3AE7008AC70A /* Frameworks */,
				45CDC82D258F3AE7008AC70A /* Resources */,
			);
			buildRules = (
			);
			dependencies = (
			);
			name = "Cards for Mac";
			productName = "Cards for Mac";
			productReference = 45CDC82F258F3AE7008AC70A /* Cards for Mac.app */;
			productType = "com.apple.product-type.application";
		};
/* End PBXNativeTarget section */

/* Begin PBXProject section */
		45CDC827258F3AE7008AC70A /* Project object */ = {
			isa = PBXProject;
			attributes = {
				LastSwiftUpdateCheck = 1220;
				LastUpgradeCheck = 1220;
				TargetAttributes = {
					45CDC82E258F3AE7008AC70A = {
						CreatedOnToolsVersion = 12.2;
					};
				};
			};
			buildConfigurationList = 45CDC82A258F3AE7008AC70A /* Build configuration list for PBXProject "Cards for Mac" */;
			compatibilityVersion = "Xcode 9.3";
			developmentRegion = en;
			hasScannedForEncodings = 0;
			knownRegions = (
				en,
				Base,
			);
			mainGroup = 45CDC826258F3AE7008AC70A;
			productRefGroup = 45CDC830258F3AE7008AC70A /* Products */;
			projectDirPath = "";
			projectRoot = "";
			targets = (
				45CDC82E258F3AE7008AC70A /* Cards for Mac */,
			);
		};
/* End PBXProject section */

/* Begin PBXResourcesBuildPhase section */
		45CDC82D258F3AE7008AC70A /* Resources */ = {
			isa = PBXResourcesBuildPhase;
			buildActionMask = 2147483647;
			files = (
				45CDC83A258F3AE8008AC70A /* Preview Assets.xcassets in Resources */,
				45CDC837258F3AE8008AC70A /* Assets.xcassets in Resources */,
			);
			runOnlyForDeploymentPostprocessing = 0;
		};
/* End PBXResourcesBuildPhase section */

/* Begin PBXSourcesBuildPhase section */
		45CDC82B258F3AE7008AC70A /* Sources */ = {
			isa = PBXSourcesBuildPhase;
			buildActionMask = 2147483647;
			files = (
				45048C7B25909B7100B892FE /* CardDetailView.swift in Sources */,
				45CDC856258F503F008AC70A /* CardEditView.swift in Sources */,
				45CDC851258F49B5008AC70A /* CardView.swift in Sources */,
				45221BD02591F55F00148D92 /* NewCardView.swift in Sources */,
				45221BCD2591EF3500148D92 /* CardsData.swift in Sources */,
				45CDC84B258F467C008AC70A /* Card.swift in Sources */,
				45CDC835258F3AE7008AC70A /* SidebarView.swift in Sources */,
				45CDC84E258F474B008AC70A /* CardsViewModel.swift in Sources */,
				45221BD3259202AA00148D92 /* EditableCardView.swift in Sources */,
				45CDC833258F3AE7008AC70A /* Cards_for_MacApp.swift in Sources */,
				458F347025922BAD0071E7E6 /* ViewState.swift in Sources */,
				45CDC845258F3D02008AC70A /* PlaceholderView.swift in Sources */,
				45CDC848258F423E008AC70A /* SidebarState.swift in Sources */,
			);
			runOnlyForDeploymentPostprocessing = 0;
		};
/* End PBXSourcesBuildPhase section */

/* Begin XCBuildConfiguration section */
		45CDC83D258F3AE8008AC70A /* Debug */ = {
			isa = XCBuildConfiguration;
			buildSettings = {
				ALWAYS_SEARCH_USER_PATHS = NO;
				CLANG_ANALYZER_NONNULL = YES;
				CLANG_ANALYZER_NUMBER_OBJECT_CONVERSION = YES_AGGRESSIVE;
				CLANG_CXX_LANGUAGE_STANDARD = "gnu++14";
				CLANG_CXX_LIBRARY = "libc++";
				CLANG_ENABLE_MODULES = YES;
				CLANG_ENABLE_OBJC_ARC = YES;
				CLANG_ENABLE_OBJC_WEAK = YES;
				CLANG_WARN_BLOCK_CAPTURE_AUTORELEASING = YES;
				CLANG_WARN_BOOL_CONVERSION = YES;
				CLANG_WARN_COMMA = YES;
				CLANG_WARN_CONSTANT_CONVERSION = YES;
				CLANG_WARN_DEPRECATED_OBJC_IMPLEMENTATIONS = YES;
				CLANG_WARN_DIRECT_OBJC_ISA_USAGE = YES_ERROR;
				CLANG_WARN_DOCUMENTATION_COMMENTS = YES;
				CLANG_WARN_EMPTY_BODY = YES;
				CLANG_WARN_ENUM_CONVERSION = YES;
				CLANG_WARN_INFINITE_RECURSION = YES;
				CLANG_WARN_INT_CONVERSION = YES;
				CLANG_WARN_NON_LITERAL_NULL_CONVERSION = YES;
				CLANG_WARN_OBJC_IMPLICIT_RETAIN_SELF = YES;
				CLANG_WARN_OBJC_LITERAL_CONVERSION = YES;
				CLANG_WARN_OBJC_ROOT_CLASS = YES_ERROR;
				CLANG_WARN_QUOTED_INCLUDE_IN_FRAMEWORK_HEADER = YES;
				CLANG_WARN_RANGE_LOOP_ANALYSIS = YES;
				CLANG_WARN_STRICT_PROTOTYPES = YES;
				CLANG_WARN_SUSPICIOUS_MOVE = YES;
				CLANG_WARN_UNGUARDED_AVAILABILITY = YES_AGGRESSIVE;
				CLANG_WARN_UNREACHABLE_CODE = YES;
				CLANG_WARN__DUPLICATE_METHOD_MATCH = YES;
				COPY_PHASE_STRIP = NO;
				DEBUG_INFORMATION_FORMAT = dwarf;
				ENABLE_STRICT_OBJC_MSGSEND = YES;
				ENABLE_TESTABILITY = YES;
				GCC_C_LANGUAGE_STANDARD = gnu11;
				GCC_DYNAMIC_NO_PIC = NO;
				GCC_NO_COMMON_BLOCKS = YES;
				GCC_OPTIMIZATION_LEVEL = 0;
				GCC_PREPROCESSOR_DEFINITIONS = (
					"DEBUG=1",
					"$(inherited)",
				);
				GCC_WARN_64_TO_32_BIT_CONVERSION = YES;
				GCC_WARN_ABOUT_RETURN_TYPE = YES_ERROR;
				GCC_WARN_UNDECLARED_SELECTOR = YES;
				GCC_WARN_UNINITIALIZED_AUTOS = YES_AGGRESSIVE;
				GCC_WARN_UNUSED_FUNCTION = YES;
				GCC_WARN_UNUSED_VARIABLE = YES;
				MACOSX_DEPLOYMENT_TARGET = 11.0;
				MTL_ENABLE_DEBUG_INFO = INCLUDE_SOURCE;
				MTL_FAST_MATH = YES;
				ONLY_ACTIVE_ARCH = YES;
				SDKROOT = macosx;
				SWIFT_ACTIVE_COMPILATION_CONDITIONS = DEBUG;
				SWIFT_OPTIMIZATION_LEVEL = "-Onone";
			};
			name = Debug;
		};
		45CDC83E258F3AE8008AC70A /* Release */ = {
			isa = XCBuildConfiguration;
			buildSettings = {
				ALWAYS_SEARCH_USER_PATHS = NO;
				CLANG_ANALYZER_NONNULL = YES;
				CLANG_ANALYZER_NUMBER_OBJECT_CONVERSION = YES_AGGRESSIVE;
				CLANG_CXX_LANGUAGE_STANDARD = "gnu++14";
				CLANG_CXX_LIBRARY = "libc++";
				CLANG_ENABLE_MODULES = YES;
				CLANG_ENABLE_OBJC_ARC = YES;
				CLANG_ENABLE_OBJC_WEAK = YES;
				CLANG_WARN_BLOCK_CAPTURE_AUTORELEASING = YES;
				CLANG_WARN_BOOL_CONVERSION = YES;
				CLANG_WARN_COMMA = YES;
				CLANG_WARN_CONSTANT_CONVERSION = YES;
				CLANG_WARN_DEPRECATED_OBJC_IMPLEMENTATIONS = YES;
				CLANG_WARN_DIRECT_OBJC_ISA_USAGE = YES_ERROR;
				CLANG_WARN_DOCUMENTATION_COMMENTS = YES;
				CLANG_WARN_EMPTY_BODY = YES;
				CLANG_WARN_ENUM_CONVERSION = YES;
				CLANG_WARN_INFINITE_RECURSION = YES;
				CLANG_WARN_INT_CONVERSION = YES;
				CLANG_WARN_NON_LITERAL_NULL_CONVERSION = YES;
				CLANG_WARN_OBJC_IMPLICIT_RETAIN_SELF = YES;
				CLANG_WARN_OBJC_LITERAL_CONVERSION = YES;
				CLANG_WARN_OBJC_ROOT_CLASS = YES_ERROR;
				CLANG_WARN_QUOTED_INCLUDE_IN_FRAMEWORK_HEADER = YES;
				CLANG_WARN_RANGE_LOOP_ANALYSIS = YES;
				CLANG_WARN_STRICT_PROTOTYPES = YES;
				CLANG_WARN_SUSPICIOUS_MOVE = YES;
				CLANG_WARN_UNGUARDED_AVAILABILITY = YES_AGGRESSIVE;
				CLANG_WARN_UNREACHABLE_CODE = YES;
				CLANG_WARN__DUPLICATE_METHOD_MATCH = YES;
				COPY_PHASE_STRIP = NO;
				DEBUG_INFORMATION_FORMAT = "dwarf-with-dsym";
				ENABLE_NS_ASSERTIONS = NO;
				ENABLE_STRICT_OBJC_MSGSEND = YES;
				GCC_C_LANGUAGE_STANDARD = gnu11;
				GCC_NO_COMMON_BLOCKS = YES;
				GCC_WARN_64_TO_32_BIT_CONVERSION = YES;
				GCC_WARN_ABOUT_RETURN_TYPE = YES_ERROR;
				GCC_WARN_UNDECLARED_SELECTOR = YES;
				GCC_WARN_UNINITIALIZED_AUTOS = YES_AGGRESSIVE;
				GCC_WARN_UNUSED_FUNCTION = YES;
				GCC_WARN_UNUSED_VARIABLE = YES;
				MACOSX_DEPLOYMENT_TARGET = 11.0;
				MTL_ENABLE_DEBUG_INFO = NO;
				MTL_FAST_MATH = YES;
				SDKROOT = macosx;
				SWIFT_COMPILATION_MODE = wholemodule;
				SWIFT_OPTIMIZATION_LEVEL = "-O";
			};
			name = Release;
		};
		45CDC840258F3AE8008AC70A /* Debug */ = {
			isa = XCBuildConfiguration;
			buildSettings = {
				ASSETCATALOG_COMPILER_APPICON_NAME = AppIcon;
				ASSETCATALOG_COMPILER_GLOBAL_ACCENT_COLOR_NAME = AccentColor;
				CODE_SIGN_ENTITLEMENTS = "Cards for Mac/Cards_for_Mac.entitlements";
				CODE_SIGN_STYLE = Automatic;
				COMBINE_HIDPI_IMAGES = YES;
				DEVELOPMENT_ASSET_PATHS = "\"Cards for Mac/Preview Content\"";
				DEVELOPMENT_TEAM = 58QL7E6Z98;
				ENABLE_HARDENED_RUNTIME = YES;
				ENABLE_PREVIEWS = YES;
				INFOPLIST_FILE = "Cards for Mac/Info.plist";
				LD_RUNPATH_SEARCH_PATHS = (
					"$(inherited)",
					"@executable_path/../Frameworks",
				);
				MACOSX_DEPLOYMENT_TARGET = 11.0;
				PRODUCT_BUNDLE_IDENTIFIER = "itemic.Cards-for-Mac";
				PRODUCT_NAME = "$(TARGET_NAME)";
				SWIFT_VERSION = 5.0;
			};
			name = Debug;
		};
		45CDC841258F3AE8008AC70A /* Release */ = {
			isa = XCBuildConfiguration;
			buildSettings = {
				ASSETCATALOG_COMPILER_APPICON_NAME = AppIcon;
				ASSETCATALOG_COMPILER_GLOBAL_ACCENT_COLOR_NAME = AccentColor;
				CODE_SIGN_ENTITLEMENTS = "Cards for Mac/Cards_for_Mac.entitlements";
				CODE_SIGN_STYLE = Automatic;
				COMBINE_HIDPI_IMAGES = YES;
				DEVELOPMENT_ASSET_PATHS = "\"Cards for Mac/Preview Content\"";
				DEVELOPMENT_TEAM = 58QL7E6Z98;
				ENABLE_HARDENED_RUNTIME = YES;
				ENABLE_PREVIEWS = YES;
				INFOPLIST_FILE = "Cards for Mac/Info.plist";
				LD_RUNPATH_SEARCH_PATHS = (
					"$(inherited)",
					"@executable_path/../Frameworks",
				);
				MACOSX_DEPLOYMENT_TARGET = 11.0;
				PRODUCT_BUNDLE_IDENTIFIER = "itemic.Cards-for-Mac";
				PRODUCT_NAME = "$(TARGET_NAME)";
				SWIFT_VERSION = 5.0;
			};
			name = Release;
		};
/* End XCBuildConfiguration section */

/* Begin XCConfigurationList section */
		45CDC82A258F3AE7008AC70A /* Build configuration list for PBXProject "Cards for Mac" */ = {
			isa = XCConfigurationList;
			buildConfigurations = (
				45CDC83D258F3AE8008AC70A /* Debug */,
				45CDC83E258F3AE8008AC70A /* Release */,
			);
			defaultConfigurationIsVisible = 0;
			defaultConfigurationName = Release;
		};
		45CDC83F258F3AE8008AC70A /* Build configuration list for PBXNativeTarget "Cards for Mac" */ = {
			isa = XCConfigurationList;
			buildConfigurations = (
				45CDC840258F3AE8008AC70A /* Debug */,
				45CDC841258F3AE8008AC70A /* Release */,
			);
			defaultConfigurationIsVisible = 0;
			defaultConfigurationName = Release;
		};
/* End XCConfigurationList section */
	};
	rootObject = 45CDC827258F3AE7008AC70A /* Project object */;
}
